PODS:
  - Alamofire (4.8.0)
  - CommonCryptoModule (1.0.2)
  - MBProgressHUD (1.1.0)
  - ReachabilitySwift (4.3.0)
  - SwiftyJSON (4.2.0)

DEPENDENCIES:
  - Alamofire
  - CommonCryptoModule
  - MBProgressHUD
  - ReachabilitySwift
  - SwiftyJSON

SPEC REPOS:
  https://github.com/cocoapods/specs.git:
    - Alamofire
    - CommonCryptoModule
    - MBProgressHUD
    - ReachabilitySwift
    - SwiftyJSON

SPEC CHECKSUMS:
  Alamofire: 3ec537f71edc9804815215393ae2b1a8ea33a844
  CommonCryptoModule: 63a68b57abed79655b3a01011419bf037a05b0a0
  MBProgressHUD: e7baa36a220447d8aeb12769bf0585582f3866d9
  ReachabilitySwift: 408477d1b6ed9779dba301953171e017c31241f3
  SwiftyJSON: c4bcba26dd9ec7a027fc8eade48e2c911f229e96

PODFILE CHECKSUM: 9696489222d53529e9508ed5c981be22ad181144

COCOAPODS: 1.5.3
